
Microsoft Visual Studio Solution File, Format Version 12.00
# Visual Studio Version 17
VisualStudioVersion = 17.8.34322.80
MinimumVisualStudioVersion = 10.0.40219.1
Project("{2150E333-8FDC-42A3-9474-1A3956D46DE8}") = "src", "src", "{6286A6DF-99F9-4E38-BDF9-B7999607488B}"
EndProject
Project("{2150E333-8FDC-42A3-9474-1A3956D46DE8}") = "Wpf", "Wpf", "{E4A6CD64-C2D1-421D-A72A-79C15B7F842A}"
EndProject
Project("{2150E333-8FDC-42A3-9474-1A3956D46DE8}") = "Avalonia", "Avalonia", "{080E5422-A6C4-42B9-A7E6-8DEE061BED55}"
EndProject
Project("{2150E333-8FDC-42A3-9474-1A3956D46DE8}") = "Containers", "Containers", "{07B9417E-3EA0-4ABF-A4C0-962C6887A2CE}"
EndProject
Project("{D954291E-2A0B-460D-934E-DC6B0785DB48}") = "Prism.DryIoc.Shared", "src\Containers\Prism.DryIoc.Shared\Prism.DryIoc.Shared.shproj", "{6E7EC81D-DA39-4C4F-A898-0148558C34F4}"
EndProject
Project("{9A19103F-16F7-4668-BE54-9A1E7A4F7556}") = "Prism.Core", "src\Prism.Core\Prism.Core.csproj", "{D22E5A97-B0E4-47AA-A1B4-5459BAF32327}"
EndProject
Project("{9A19103F-16F7-4668-BE54-9A1E7A4F7556}") = "Prism.Wpf", "src\Wpf\Prism.Wpf\Prism.Wpf.csproj", "{1B3CE9D1-A1E3-4F90-90CE-983F3F6F3C61}"
EndProject
Project("{9A19103F-16F7-4668-BE54-9A1E7A4F7556}") = "Prism.DryIoc.Wpf", "src\Wpf\Prism.DryIoc.Wpf\Prism.DryIoc.Wpf.csproj", "{5A11D4BD-E8B7-4AF0-A883-012D75CEE9B4}"
EndProject
Project("{2150E333-8FDC-42A3-9474-1A3956D46DE8}") = "build", "build", "{43DC740B-32E9-4E6F-AE64-629EF25BE4E8}"
	ProjectSection(SolutionItems) = preProject
		Directory.Build.props = Directory.Build.props
		Directory.Build.targets = Directory.Build.targets
		build\MultiTargetFileName.targets = build\MultiTargetFileName.targets
	EndProjectSection
EndProject
Project("{2150E333-8FDC-42A3-9474-1A3956D46DE8}") = "samples", "samples", "{9D5ACEDE-FDFF-463F-8B81-AC958E30D232}"
EndProject
Project("{9A19103F-16F7-4668-BE54-9A1E7A4F7556}") = "Prism.Avalonia", "src\Avalonia\Prism.Avalonia\Prism.Avalonia.csproj", "{D9231C84-56C8-4449-91F0-C57CC064E6CC}"
EndProject
Project("{9A19103F-16F7-4668-BE54-9A1E7A4F7556}") = "Prism.DryIoc.Avalonia", "src\Avalonia\Prism.DryIoc.Avalonia\Prism.DryIoc.Avalonia.csproj", "{AD7506DE-4196-4947-8C8E-FFD88F3249C9}"
EndProject
Project("{2150E333-8FDC-42A3-9474-1A3956D46DE8}") = "StackNavigation", "StackNavigation", "{B63053A5-0C54-4752-9F11-ED6E4F88CC17}"
EndProject
Project("{FAE04EC0-301F-11D3-BF4B-00C04F79EFBC}") = "StackNavigation.Wpf", "samples\StackNavigation\StackNavigation.Wpf\StackNavigation.Wpf.csproj", "{626F3394-0F99-48BD-87BC-24CD37FC0F20}"
EndProject
Project("{FAE04EC0-301F-11D3-BF4B-00C04F79EFBC}") = "StackNavigation.Avalonia", "samples\StackNavigation\StackNavigation.Avalonia\StackNavigation.Avalonia.csproj", "{E7EDE4B6-58B6-4578-83FB-978CEE84A69C}"
EndProject
Project("{FAE04EC0-301F-11D3-BF4B-00C04F79EFBC}") = "StackNavigation.ViewModel", "samples\StackNavigation\StackNavigation.ViewModel\StackNavigation.ViewModel.csproj", "{9EDC67BD-002F-4A5D-B3AA-7A77F8F07F1D}"
EndProject
Global
	GlobalSection(SolutionConfigurationPlatforms) = preSolution
		Debug|Any CPU = Debug|Any CPU
		Release|Any CPU = Release|Any CPU
	EndGlobalSection
	GlobalSection(ProjectConfigurationPlatforms) = postSolution
		{D22E5A97-B0E4-47AA-A1B4-5459BAF32327}.Debug|Any CPU.ActiveCfg = Debug|Any CPU
		{D22E5A97-B0E4-47AA-A1B4-5459BAF32327}.Debug|Any CPU.Build.0 = Debug|Any CPU
		{D22E5A97-B0E4-47AA-A1B4-5459BAF32327}.Release|Any CPU.ActiveCfg = Release|Any CPU
		{D22E5A97-B0E4-47AA-A1B4-5459BAF32327}.Release|Any CPU.Build.0 = Release|Any CPU
		{1B3CE9D1-A1E3-4F90-90CE-983F3F6F3C61}.Debug|Any CPU.ActiveCfg = Debug|Any CPU
		{1B3CE9D1-A1E3-4F90-90CE-983F3F6F3C61}.Debug|Any CPU.Build.0 = Debug|Any CPU
		{1B3CE9D1-A1E3-4F90-90CE-983F3F6F3C61}.Release|Any CPU.ActiveCfg = Release|Any CPU
		{1B3CE9D1-A1E3-4F90-90CE-983F3F6F3C61}.Release|Any CPU.Build.0 = Release|Any CPU
		{5A11D4BD-E8B7-4AF0-A883-012D75CEE9B4}.Debug|Any CPU.ActiveCfg = Debug|Any CPU
		{5A11D4BD-E8B7-4AF0-A883-012D75CEE9B4}.Debug|Any CPU.Build.0 = Debug|Any CPU
		{5A11D4BD-E8B7-4AF0-A883-012D75CEE9B4}.Release|Any CPU.ActiveCfg = Release|Any CPU
		{5A11D4BD-E8B7-4AF0-A883-012D75CEE9B4}.Release|Any CPU.Build.0 = Release|Any CPU
		{D9231C84-56C8-4449-91F0-C57CC064E6CC}.Debug|Any CPU.ActiveCfg = Debug|Any CPU
		{D9231C84-56C8-4449-91F0-C57CC064E6CC}.Debug|Any CPU.Build.0 = Debug|Any CPU
		{D9231C84-56C8-4449-91F0-C57CC064E6CC}.Release|Any CPU.ActiveCfg = Release|Any CPU
		{D9231C84-56C8-4449-91F0-C57CC064E6CC}.Release|Any CPU.Build.0 = Release|Any CPU
		{AD7506DE-4196-4947-8C8E-FFD88F3249C9}.Debug|Any CPU.ActiveCfg = Debug|Any CPU
		{AD7506DE-4196-4947-8C8E-FFD88F3249C9}.Debug|Any CPU.Build.0 = Debug|Any CPU
		{AD7506DE-4196-4947-8C8E-FFD88F3249C9}.Release|Any CPU.ActiveCfg = Release|Any CPU
		{AD7506DE-4196-4947-8C8E-FFD88F3249C9}.Release|Any CPU.Build.0 = Release|Any CPU
		{626F3394-0F99-48BD-87BC-24CD37FC0F20}.Debug|Any CPU.ActiveCfg = Debug|Any CPU
		{626F3394-0F99-48BD-87BC-24CD37FC0F20}.Debug|Any CPU.Build.0 = Debug|Any CPU
		{626F3394-0F99-48BD-87BC-24CD37FC0F20}.Release|Any CPU.ActiveCfg = Release|Any CPU
		{626F3394-0F99-48BD-87BC-24CD37FC0F20}.Release|Any CPU.Build.0 = Release|Any CPU
		{E7EDE4B6-58B6-4578-83FB-978CEE84A69C}.Debug|Any CPU.ActiveCfg = Debug|Any CPU
		{E7EDE4B6-58B6-4578-83FB-978CEE84A69C}.Debug|Any CPU.Build.0 = Debug|Any CPU
		{E7EDE4B6-58B6-4578-83FB-978CEE84A69C}.Release|Any CPU.ActiveCfg = Release|Any CPU
		{E7EDE4B6-58B6-4578-83FB-978CEE84A69C}.Release|Any CPU.Build.0 = Release|Any CPU
		{9EDC67BD-002F-4A5D-B3AA-7A77F8F07F1D}.Debug|Any CPU.ActiveCfg = Debug|Any CPU
		{9EDC67BD-002F-4A5D-B3AA-7A77F8F07F1D}.Debug|Any CPU.Build.0 = Debug|Any CPU
		{9EDC67BD-002F-4A5D-B3AA-7A77F8F07F1D}.Release|Any CPU.ActiveCfg = Release|Any CPU
		{9EDC67BD-002F-4A5D-B3AA-7A77F8F07F1D}.Release|Any CPU.Build.0 = Release|Any CPU
	EndGlobalSection
	GlobalSection(SolutionProperties) = preSolution
		HideSolutionNode = FALSE
	EndGlobalSection
	GlobalSection(NestedProjects) = preSolution
		{E4A6CD64-C2D1-421D-A72A-79C15B7F842A} = {6286A6DF-99F9-4E38-BDF9-B7999607488B}
		{080E5422-A6C4-42B9-A7E6-8DEE061BED55} = {6286A6DF-99F9-4E38-BDF9-B7999607488B}
		{07B9417E-3EA0-4ABF-A4C0-962C6887A2CE} = {6286A6DF-99F9-4E38-BDF9-B7999607488B}
		{6E7EC81D-DA39-4C4F-A898-0148558C34F4} = {07B9417E-3EA0-4ABF-A4C0-962C6887A2CE}
		{D22E5A97-B0E4-47AA-A1B4-5459BAF32327} = {6286A6DF-99F9-4E38-BDF9-B7999607488B}
		{1B3CE9D1-A1E3-4F90-90CE-983F3F6F3C61} = {E4A6CD64-C2D1-421D-A72A-79C15B7F842A}
		{5A11D4BD-E8B7-4AF0-A883-012D75CEE9B4} = {E4A6CD64-C2D1-421D-A72A-79C15B7F842A}
		{D9231C84-56C8-4449-91F0-C57CC064E6CC} = {080E5422-A6C4-42B9-A7E6-8DEE061BED55}
		{AD7506DE-4196-4947-8C8E-FFD88F3249C9} = {080E5422-A6C4-42B9-A7E6-8DEE061BED55}
		{B63053A5-0C54-4752-9F11-ED6E4F88CC17} = {9D5ACEDE-FDFF-463F-8B81-AC958E30D232}
		{626F3394-0F99-48BD-87BC-24CD37FC0F20} = {B63053A5-0C54-4752-9F11-ED6E4F88CC17}
		{E7EDE4B6-58B6-4578-83FB-978CEE84A69C} = {B63053A5-0C54-4752-9F11-ED6E4F88CC17}
		{9EDC67BD-002F-4A5D-B3AA-7A77F8F07F1D} = {B63053A5-0C54-4752-9F11-ED6E4F88CC17}
	EndGlobalSection
	GlobalSection(ExtensibilityGlobals) = postSolution
		SolutionGuid = {6EB85636-B6BB-4F3E-8F9E-A132C8700B3F}
	EndGlobalSection
	GlobalSection(SharedMSBuildProjectFiles) = preSolution
		src\Containers\Prism.DryIoc.Shared\Prism.DryIoc.Shared.projitems*{5a11d4bd-e8b7-4af0-a883-012d75cee9b4}*SharedItemsImports = 5
		src\Containers\Prism.DryIoc.Shared\Prism.DryIoc.Shared.projitems*{6e7ec81d-da39-4c4f-a898-0148558c34f4}*SharedItemsImports = 13
		src\Containers\Prism.DryIoc.Shared\Prism.DryIoc.Shared.projitems*{ad7506de-4196-4947-8c8e-ffd88f3249c9}*SharedItemsImports = 5
	EndGlobalSection
EndGlobal
